
Microsoft Visual Studio Solution File, Format Version 12.00
# Visual Studio Version 17
VisualStudioVersion = 17.10.35122.118
MinimumVisualStudioVersion = 10.0.40219.1
Project("{2150E333-8FDC-42A3-9474-1A3956D46DE8}") = "Core", "Core", "{4DE399A0-4D0A-47CC-94FA-2D5787ABC230}"
EndProject
Project("{2150E333-8FDC-42A3-9474-1A3956D46DE8}") = "Infrastructure", "Infrastructure", "{4E72CF37-BF78-4B6B-A49A-EC5146E35BCA}"
EndProject
Project("{2150E333-8FDC-42A3-9474-1A3956D46DE8}") = "Presentation", "Presentation", "{5C2CD549-61C4-4EB1-8612-C9872BDDA1A2}"
EndProject
Project("{2150E333-8FDC-42A3-9474-1A3956D46DE8}") = "Test", "Test", "{8922FA07-B4EC-4ED6-A0A5-1283FCB4830C}"
EndProject
Project("{9A19103F-16F7-4668-BE54-9A1E7A4F7556}") = "Domain", "Domain\Domain.csproj", "{7EB6D116-D0DE-47EF-A7D9-481991EF75B2}"
EndProject
Project("{9A19103F-16F7-4668-BE54-9A1E7A4F7556}") = "Application", "Application\Application.csproj", "{B7BC79D1-7155-4890-8FDC-FEE270BA28B4}"
EndProject
Project("{9A19103F-16F7-4668-BE54-9A1E7A4F7556}") = "Data", "Persistence\Data.csproj", "{89504AD7-1D07-409A-A35C-822B65D8E09D}"
EndProject
Project("{9A19103F-16F7-4668-BE54-9A1E7A4F7556}") = "API", "API\API.csproj", "{02CBD813-DCD6-4F28-8353-4F33475D58C4}"
EndProject
Project("{9A19103F-16F7-4668-BE54-9A1E7A4F7556}") = "Tests", "Tests\Tests.csproj", "{99407942-1A84-4F52-AD53-D1D7D2500C81}"
EndProject
Project("{FAE04EC0-301F-11D3-BF4B-00C04F79EFBC}") = "Ioc", "Ioc\Ioc.csproj", "{CF8E803C-2336-4FB2-9B3D-EE48F283BEF5}"
EndProject
Global
	GlobalSection(SolutionConfigurationPlatforms) = preSolution
		Debug|Any CPU = Debug|Any CPU
		Release|Any CPU = Release|Any CPU
	EndGlobalSection
	GlobalSection(ProjectConfigurationPlatforms) = postSolution
		{7EB6D116-D0DE-47EF-A7D9-481991EF75B2}.Debug|Any CPU.ActiveCfg = Debug|Any CPU
		{7EB6D116-D0DE-47EF-A7D9-481991EF75B2}.Debug|Any CPU.Build.0 = Debug|Any CPU
		{7EB6D116-D0DE-47EF-A7D9-481991EF75B2}.Release|Any CPU.ActiveCfg = Release|Any CPU
		{7EB6D116-D0DE-47EF-A7D9-481991EF75B2}.Release|Any CPU.Build.0 = Release|Any CPU
		{B7BC79D1-7155-4890-8FDC-FEE270BA28B4}.Debug|Any CPU.ActiveCfg = Debug|Any CPU
		{B7BC79D1-7155-4890-8FDC-FEE270BA28B4}.Debug|Any CPU.Build.0 = Debug|Any CPU
		{B7BC79D1-7155-4890-8FDC-FEE270BA28B4}.Release|Any CPU.ActiveCfg = Release|Any CPU
		{B7BC79D1-7155-4890-8FDC-FEE270BA28B4}.Release|Any CPU.Build.0 = Release|Any CPU
		{89504AD7-1D07-409A-A35C-822B65D8E09D}.Debug|Any CPU.ActiveCfg = Debug|Any CPU
		{89504AD7-1D07-409A-A35C-822B65D8E09D}.Debug|Any CPU.Build.0 = Debug|Any CPU
		{89504AD7-1D07-409A-A35C-822B65D8E09D}.Release|Any CPU.ActiveCfg = Release|Any CPU
		{89504AD7-1D07-409A-A35C-822B65D8E09D}.Release|Any CPU.Build.0 = Release|Any CPU
		{02CBD813-DCD6-4F28-8353-4F33475D58C4}.Debug|Any CPU.ActiveCfg = Debug|Any CPU
		{02CBD813-DCD6-4F28-8353-4F33475D58C4}.Debug|Any CPU.Build.0 = Debug|Any CPU
		{02CBD813-DCD6-4F28-8353-4F33475D58C4}.Release|Any CPU.ActiveCfg = Release|Any CPU
		{02CBD813-DCD6-4F28-8353-4F33475D58C4}.Release|Any CPU.Build.0 = Release|Any CPU
		{99407942-1A84-4F52-AD53-D1D7D2500C81}.Debug|Any CPU.ActiveCfg = Debug|Any CPU
		{99407942-1A84-4F52-AD53-D1D7D2500C81}.Debug|Any CPU.Build.0 = Debug|Any CPU
		{99407942-1A84-4F52-AD53-D1D7D2500C81}.Release|Any CPU.ActiveCfg = Release|Any CPU
		{99407942-1A84-4F52-AD53-D1D7D2500C81}.Release|Any CPU.Build.0 = Release|Any CPU
		{CF8E803C-2336-4FB2-9B3D-EE48F283BEF5}.Debug|Any CPU.ActiveCfg = Debug|Any CPU
		{CF8E803C-2336-4FB2-9B3D-EE48F283BEF5}.Debug|Any CPU.Build.0 = Debug|Any CPU
		{CF8E803C-2336-4FB2-9B3D-EE48F283BEF5}.Release|Any CPU.ActiveCfg = Release|Any CPU
		{CF8E803C-2336-4FB2-9B3D-EE48F283BEF5}.Release|Any CPU.Build.0 = Release|Any CPU
	EndGlobalSection
	GlobalSection(SolutionProperties) = preSolution
		HideSolutionNode = FALSE
	EndGlobalSection
	GlobalSection(NestedProjects) = preSolution
		{7EB6D116-D0DE-47EF-A7D9-481991EF75B2} = {4DE399A0-4D0A-47CC-94FA-2D5787ABC230}
		{B7BC79D1-7155-4890-8FDC-FEE270BA28B4} = {4DE399A0-4D0A-47CC-94FA-2D5787ABC230}
		{89504AD7-1D07-409A-A35C-822B65D8E09D} = {4E72CF37-BF78-4B6B-A49A-EC5146E35BCA}
		{02CBD813-DCD6-4F28-8353-4F33475D58C4} = {5C2CD549-61C4-4EB1-8612-C9872BDDA1A2}
		{99407942-1A84-4F52-AD53-D1D7D2500C81} = {8922FA07-B4EC-4ED6-A0A5-1283FCB4830C}
		{CF8E803C-2336-4FB2-9B3D-EE48F283BEF5} = {4E72CF37-BF78-4B6B-A49A-EC5146E35BCA}
	EndGlobalSection
	GlobalSection(ExtensibilityGlobals) = postSolution
		SolutionGuid = {203D6C74-7B13-4D37-BDEB-97022F456906}
	EndGlobalSection
EndGlobal
